{
    "name": "06. 练习：创建并打印扑克牌",
    "lockfileVersion": 3,
    "requires": true,
    "packages": {
        "": {
            "devDependencies": {
                "@types/node": "^11.13.7"
            }
        },
        "node_modules/@types/node": {
            "version": "11.15.54",
            "resolved": "https://registry.npmmirror.com/@types/node/-/node-11.15.54.tgz",
            "integrity": "sha512-1RWYiq+5UfozGsU6MwJyFX6BtktcT10XRjvcAQmskCtMcW3tPske88lM/nHv7BQG1w9KBXI1zPGuu5PnNCX14g==",
            "dev": true
        }
    }
}
