{
    "name": "07. this指向约束",
    "lockfileVersion": 2,
    "requires": true,
    "packages": {
        "": {
            "devDependencies": {
                "@types/node": "^11.13.8"
            }
        },
        "node_modules/@types/node": {
            "version": "11.15.54",
            "resolved": "https://registry.npmmirror.com/@types/node/-/node-11.15.54.tgz",
            "integrity": "sha512-1RWYiq+5UfozGsU6MwJyFX6BtktcT10XRjvcAQmskCtMcW3tPske88lM/nHv7BQG1w9KBXI1zPGuu5PnNCX14g==",
            "dev": true
        }
    },
    "dependencies": {
        "@types/node": {
            "version": "11.15.54",
            "resolved": "https://registry.npmmirror.com/@types/node/-/node-11.15.54.tgz",
            "integrity": "sha512-1RWYiq+5UfozGsU6MwJyFX6BtktcT10XRjvcAQmskCtMcW3tPske88lM/nHv7BQG1w9KBXI1zPGuu5PnNCX14g==",
            "dev": true
        }
    }
}
