# THIS IS AN AUTOGENERATED FILE. DO NOT EDIT THIS FILE DIRECTLY.
# yarn lockfile v1


"@types/node@^11.13.8":
  "integrity" "sha512-1RWYiq+5UfozGsU6MwJyFX6BtktcT10XRjvcAQmskCtMcW3tPske88lM/nHv7BQG1w9KBXI1zPGuu5PnNCX14g=="
  "resolved" "https://registry.npmmirror.com/@types/node/-/node-11.15.54.tgz"
  "version" "11.15.54"
